
Microsoft Visual Studio Solution File, Format Version 12.00
# Visual Studio 15
VisualStudioVersion = 15.0.28307.421
MinimumVisualStudioVersion = 10.0.40219.1
Project("{FAE04EC0-301F-11D3-BF4B-00C04F79EFBC}") = "OrganizerApp", "OrganizerApp\OrganizerApp.csproj", "{6CDD1CD1-8B9A-4535-9BF0-8EC89CE2D92D}"
EndProject
Project("{FAE04EC0-301F-11D3-BF4B-00C04F79EFBC}") = "Data", "Data\Data.csproj", "{7544810E-6149-46B9-A34E-F4CFD44330F9}"
EndProject
Project("{FAE04EC0-301F-11D3-BF4B-00C04F79EFBC}") = "Business", "Business\Business.csproj", "{522B0B15-FB9E-4C18-8AB7-4A69715250F0}"
EndProject
Project("{FAE04EC0-301F-11D3-BF4B-00C04F79EFBC}") = "My.Calendar", "My.Calendar\My.Calendar.csproj", "{C6563D30-BBB8-40DE-9AA7-CDB7F229965B}"
EndProject
Global
	GlobalSection(SolutionConfigurationPlatforms) = preSolution
		Debug|Any CPU = Debug|Any CPU
		Release|Any CPU = Release|Any CPU
	EndGlobalSection
	GlobalSection(ProjectConfigurationPlatforms) = postSolution
		{6CDD1CD1-8B9A-4535-9BF0-8EC89CE2D92D}.Debug|Any CPU.ActiveCfg = Debug|Any CPU
		{6CDD1CD1-8B9A-4535-9BF0-8EC89CE2D92D}.Debug|Any CPU.Build.0 = Debug|Any CPU
		{6CDD1CD1-8B9A-4535-9BF0-8EC89CE2D92D}.Release|Any CPU.ActiveCfg = Release|Any CPU
		{6CDD1CD1-8B9A-4535-9BF0-8EC89CE2D92D}.Release|Any CPU.Build.0 = Release|Any CPU
		{7544810E-6149-46B9-A34E-F4CFD44330F9}.Debug|Any CPU.ActiveCfg = Debug|Any CPU
		{7544810E-6149-46B9-A34E-F4CFD44330F9}.Debug|Any CPU.Build.0 = Debug|Any CPU
		{7544810E-6149-46B9-A34E-F4CFD44330F9}.Release|Any CPU.ActiveCfg = Release|Any CPU
		{7544810E-6149-46B9-A34E-F4CFD44330F9}.Release|Any CPU.Build.0 = Release|Any CPU
		{522B0B15-FB9E-4C18-8AB7-4A69715250F0}.Debug|Any CPU.ActiveCfg = Debug|Any CPU
		{522B0B15-FB9E-4C18-8AB7-4A69715250F0}.Debug|Any CPU.Build.0 = Debug|Any CPU
		{522B0B15-FB9E-4C18-8AB7-4A69715250F0}.Release|Any CPU.ActiveCfg = Release|Any CPU
		{522B0B15-FB9E-4C18-8AB7-4A69715250F0}.Release|Any CPU.Build.0 = Release|Any CPU
		{C6563D30-BBB8-40DE-9AA7-CDB7F229965B}.Debug|Any CPU.ActiveCfg = Debug|Any CPU
		{C6563D30-BBB8-40DE-9AA7-CDB7F229965B}.Debug|Any CPU.Build.0 = Debug|Any CPU
		{C6563D30-BBB8-40DE-9AA7-CDB7F229965B}.Release|Any CPU.ActiveCfg = Release|Any CPU
		{C6563D30-BBB8-40DE-9AA7-CDB7F229965B}.Release|Any CPU.Build.0 = Release|Any CPU
	EndGlobalSection
	GlobalSection(SolutionProperties) = preSolution
		HideSolutionNode = FALSE
	EndGlobalSection
	GlobalSection(ExtensibilityGlobals) = postSolution
		SolutionGuid = {66498824-E8B4-45B7-B025-6020045D3FB6}
	EndGlobalSection
EndGlobal
